
Microsoft Visual Studio Solution File, Format Version 12.00
# Visual Studio Version 17
VisualStudioVersion = 17.7.34031.279
MinimumVisualStudioVersion = 10.0.40219.1
Project("{FAE04EC0-301F-11D3-BF4B-00C04F79EFBC}") = "lab2_MyFrac", "lab2_MyFrac\lab2_MyFrac.csproj", "{C8409D3F-E5C0-4FAB-9E69-249E0283A1AE}"
EndProject
Global
	GlobalSection(SolutionConfigurationPlatforms) = preSolution
		Debug|Any CPU = Debug|Any CPU
		Release|Any CPU = Release|Any CPU
	EndGlobalSection
	GlobalSection(ProjectConfigurationPlatforms) = postSolution
		{C8409D3F-E5C0-4FAB-9E69-249E0283A1AE}.Debug|Any CPU.ActiveCfg = Debug|Any CPU
		{C8409D3F-E5C0-4FAB-9E69-249E0283A1AE}.Debug|Any CPU.Build.0 = Debug|Any CPU
		{C8409D3F-E5C0-4FAB-9E69-249E0283A1AE}.Release|Any CPU.ActiveCfg = Release|Any CPU
		{C8409D3F-E5C0-4FAB-9E69-249E0283A1AE}.Release|Any CPU.Build.0 = Release|Any CPU
	EndGlobalSection
	GlobalSection(SolutionProperties) = preSolution
		HideSolutionNode = FALSE
	EndGlobalSection
	GlobalSection(ExtensibilityGlobals) = postSolution
		SolutionGuid = {0AD97F17-7802-4275-B48D-83CF6DB92E6C}
	EndGlobalSection
EndGlobal
